
Microsoft Visual Studio Solution File, Format Version 12.00
# Visual Studio Version 16
VisualStudioVersion = 16.0.29409.12
MinimumVisualStudioVersion = 10.0.40219.1
Project("{9A19103F-16F7-4668-BE54-9A1E7A4F7556}") = "helium", "app\helium.csproj", "{DF6E192C-F7D6-4E99-946F-0DA438C6DEBD}"
EndProject
Global
	GlobalSection(SolutionConfigurationPlatforms) = preSolution
		Debug|Any CPU = Debug|Any CPU
		Release|Any CPU = Release|Any CPU
	EndGlobalSection
	GlobalSection(ProjectConfigurationPlatforms) = postSolution
		{DF6E192C-F7D6-4E99-946F-0DA438C6DEBD}.Debug|Any CPU.ActiveCfg = Debug|Any CPU
		{DF6E192C-F7D6-4E99-946F-0DA438C6DEBD}.Debug|Any CPU.Build.0 = Debug|Any CPU
		{DF6E192C-F7D6-4E99-946F-0DA438C6DEBD}.Release|Any CPU.ActiveCfg = Release|Any CPU
		{DF6E192C-F7D6-4E99-946F-0DA438C6DEBD}.Release|Any CPU.Build.0 = Release|Any CPU
	EndGlobalSection
	GlobalSection(SolutionProperties) = preSolution
		HideSolutionNode = FALSE
	EndGlobalSection
	GlobalSection(ExtensibilityGlobals) = postSolution
		SolutionGuid = {C88A88BD-CE45-4904-B472-5B0EA499556E}
	EndGlobalSection
EndGlobal
