
Microsoft Visual Studio Solution File, Format Version 12.00
# Visual Studio Version 16
VisualStudioVersion = 16.0.29409.12
MinimumVisualStudioVersion = 10.0.40219.1
Project("{9A19103F-16F7-4668-BE54-9A1E7A4F7556}") = "integration-test", "integration-test\integration-test.csproj", "{DD62AC4E-5264-44E2-AF6F-BD0EA3C2EE03}"
EndProject
Global
	GlobalSection(SolutionConfigurationPlatforms) = preSolution
		Debug|Any CPU = Debug|Any CPU
		Release|Any CPU = Release|Any CPU
	EndGlobalSection
	GlobalSection(ProjectConfigurationPlatforms) = postSolution
		{DD62AC4E-5264-44E2-AF6F-BD0EA3C2EE03}.Debug|Any CPU.ActiveCfg = Debug|Any CPU
		{DD62AC4E-5264-44E2-AF6F-BD0EA3C2EE03}.Debug|Any CPU.Build.0 = Debug|Any CPU
		{DD62AC4E-5264-44E2-AF6F-BD0EA3C2EE03}.Release|Any CPU.ActiveCfg = Release|Any CPU
		{DD62AC4E-5264-44E2-AF6F-BD0EA3C2EE03}.Release|Any CPU.Build.0 = Release|Any CPU
	EndGlobalSection
	GlobalSection(SolutionProperties) = preSolution
		HideSolutionNode = FALSE
	EndGlobalSection
	GlobalSection(ExtensibilityGlobals) = postSolution
		SolutionGuid = {448705EB-152B-4F1B-A9F6-7A9107590F31}
	EndGlobalSection
EndGlobal
